// !$*UTF8*$!
{
	archiveVersion = 1;
	classes = {
	};
	objectVersion = 46;
	objects = {

/* Begin PBXBuildFile section */
		CBCA2D9315433DBA0023DF27 /* Foundation.framework in Frameworks */ = {isa = PBXBuildFile; fileRef = CBCA2D9215433DBA0023DF27 /* Foundation.framework */; };
		CBCA2D9615433DBA0023DF27 /* main.m in Sources */ = {isa = PBXBuildFile; fileRef = CBCA2D9515433DBA0023DF27 /* main.m */; };
		CBCA2D9A15433DBA0023DF27 /* TrollHTTPServer.1 in CopyFiles */ = {isa = PBXBuildFile; fileRef = CBCA2D9915433DBA0023DF27 /* TrollHTTPServer.1 */; };
		CBCA2DB7154344CD0023DF27 /* HTTPResponseHandler.m in Sources */ = {isa = PBXBuildFile; fileRef = CBCA2DB4154344CD0023DF27 /* HTTPResponseHandler.m */; };
		CBCA2DB8154344CD0023DF27 /* HTTPServer.m in Sources */ = {isa = PBXBuildFile; fileRef = CBCA2DB6154344CD0023DF27 /* HTTPServer.m */; };
		CBCA2DBB154345330023DF27 /* AppTextFileResponse.m in Sources */ = {isa = PBXBuildFile; fileRef = CBCA2DBA154345330023DF27 /* AppTextFileResponse.m */; };
/* End PBXBuildFile section */

/* Begin PBXCopyFilesBuildPhase section */
		CBCA2D8C15433DBA0023DF27 /* CopyFiles */ = {
			isa = PBXCopyFilesBuildPhase;
			buildActionMask = 2147483647;
			dstPath = /usr/share/man/man1/;
			dstSubfolderSpec = 0;
			files = (
				CBCA2D9A15433DBA0023DF27 /* TrollHTTPServer.1 in CopyFiles */,
			);
			runOnlyForDeploymentPostprocessing = 1;
		};
/* End PBXCopyFilesBuildPhase section */

/* Begin PBXFileReference section */
		CBCA2D8E15433DBA0023DF27 /* TrollHTTPServer */ = {isa = PBXFileReference; explicitFileType = "compiled.mach-o.executable"; includeInIndex = 0; path = TrollHTTPServer; sourceTree = BUILT_PRODUCTS_DIR; };
		CBCA2D9215433DBA0023DF27 /* Foundation.framework */ = {isa = PBXFileReference; lastKnownFileType = wrapper.framework; name = Foundation.framework; path = System/Library/Frameworks/Foundation.framework; sourceTree = SDKROOT; };
		CBCA2D9515433DBA0023DF27 /* main.m */ = {isa = PBXFileReference; lastKnownFileType = sourcecode.c.objc; path = main.m; sourceTree = "<group>"; };
		CBCA2D9815433DBA0023DF27 /* TrollHTTPServer-Prefix.pch */ = {isa = PBXFileReference; lastKnownFileType = sourcecode.c.h; path = "TrollHTTPServer-Prefix.pch"; sourceTree = "<group>"; };
		CBCA2D9915433DBA0023DF27 /* TrollHTTPServer.1 */ = {isa = PBXFileReference; lastKnownFileType = text.man; path = TrollHTTPServer.1; sourceTree = "<group>"; };
		CBCA2DB3154344CD0023DF27 /* HTTPResponseHandler.h */ = {isa = PBXFileReference; fileEncoding = 4; lastKnownFileType = sourcecode.c.h; path = HTTPResponseHandler.h; sourceTree = "<group>"; };
		CBCA2DB4154344CD0023DF27 /* HTTPResponseHandler.m */ = {isa = PBXFileReference; fileEncoding = 4; lastKnownFileType = sourcecode.c.objc; path = HTTPResponseHandler.m; sourceTree = "<group>"; };
		CBCA2DB5154344CD0023DF27 /* HTTPServer.h */ = {isa = PBXFileReference; fileEncoding = 4; lastKnownFileType = sourcecode.c.h; path = HTTPServer.h; sourceTree = "<group>"; };
		CBCA2DB6154344CD0023DF27 /* HTTPServer.m */ = {isa = PBXFileReference; fileEncoding = 4; lastKnownFileType = sourcecode.c.objc; path = HTTPServer.m; sourceTree = "<group>"; };
		CBCA2DB9154345330023DF27 /* AppTextFileResponse.h */ = {isa = PBXFileReference; fileEncoding = 4; lastKnownFileType = sourcecode.c.h; path = AppTextFileResponse.h; sourceTree = "<group>"; };
		CBCA2DBA154345330023DF27 /* AppTextFileResponse.m */ = {isa = PBXFileReference; fileEncoding = 4; lastKnownFileType = sourcecode.c.objc; path = AppTextFileResponse.m; sourceTree = "<group>"; };
		CBCA2DBC154345B70023DF27 /* SynthesizeSingleton.h */ = {isa = PBXFileReference; lastKnownFileType = sourcecode.c.h; path = SynthesizeSingleton.h; sourceTree = "<group>"; };
/* End PBXFileReference section */

/* Begin PBXFrameworksBuildPhase section */
		CBCA2D8B15433DBA0023DF27 /* Frameworks */ = {
			isa = PBXFrameworksBuildPhase;
			buildActionMask = 2147483647;
			files = (
				CBCA2D9315433DBA0023DF27 /* Foundation.framework in Frameworks */,
			);
			runOnlyForDeploymentPostprocessing = 0;
		};
/* End PBXFrameworksBuildPhase section */

/* Begin PBXGroup section */
		CBCA2D8315433DBA0023DF27 = {
			isa = PBXGroup;
			children = (
				CBCA2D9415433DBA0023DF27 /* TrollHTTPServer */,
				CBCA2D9115433DBA0023DF27 /* Frameworks */,
				CBCA2D8F15433DBA0023DF27 /* Products */,
			);
			sourceTree = "<group>";
		};
		CBCA2D8F15433DBA0023DF27 /* Products */ = {
			isa = PBXGroup;
			children = (
				CBCA2D8E15433DBA0023DF27 /* TrollHTTPServer */,
			);
			name = Products;
			sourceTree = "<group>";
		};
		CBCA2D9115433DBA0023DF27 /* Frameworks */ = {
			isa = PBXGroup;
			children = (
				CBCA2D9215433DBA0023DF27 /* Foundation.framework */,
			);
			name = Frameworks;
			sourceTree = "<group>";
		};
		CBCA2D9415433DBA0023DF27 /* TrollHTTPServer */ = {
			isa = PBXGroup;
			children = (
				CBCA2D9515433DBA0023DF27 /* main.m */,
				CBCA2D9915433DBA0023DF27 /* TrollHTTPServer.1 */,
				CBCA2DB9154345330023DF27 /* AppTextFileResponse.h */,
				CBCA2DBA154345330023DF27 /* AppTextFileResponse.m */,
				CBCA2DB3154344CD0023DF27 /* HTTPResponseHandler.h */,
				CBCA2DB4154344CD0023DF27 /* HTTPResponseHandler.m */,
				CBCA2DB5154344CD0023DF27 /* HTTPServer.h */,
				CBCA2DB6154344CD0023DF27 /* HTTPServer.m */,
				CBCA2DBC154345B70023DF27 /* SynthesizeSingleton.h */,
				CBCA2D9715433DBA0023DF27 /* Supporting Files */,
			);
			path = TrollHTTPServer;
			sourceTree = "<group>";
		};
		CBCA2D9715433DBA0023DF27 /* Supporting Files */ = {
			isa = PBXGroup;
			children = (
				CBCA2D9815433DBA0023DF27 /* TrollHTTPServer-Prefix.pch */,
			);
			name = "Supporting Files";
			sourceTree = "<group>";
		};
/* End PBXGroup section */

/* Begin PBXNativeTarget section */
		CBCA2D8D15433DBA0023DF27 /* TrollHTTPServer */ = {
			isa = PBXNativeTarget;
			buildConfigurationList = CBCA2D9D15433DBA0023DF27 /* Build configuration list for PBXNativeTarget "TrollHTTPServer" */;
			buildPhases = (
				CBCA2D8A15433DBA0023DF27 /* Sources */,
				CBCA2D8B15433DBA0023DF27 /* Frameworks */,
				CBCA2D8C15433DBA0023DF27 /* CopyFiles */,
			);
			buildRules = (
			);
			dependencies = (
			);
			name = TrollHTTPServer;
			productName = TrollHTTPServer;
			productReference = CBCA2D8E15433DBA0023DF27 /* TrollHTTPServer */;
			productType = "com.apple.product-type.tool";
		};
/* End PBXNativeTarget section */

/* Begin PBXProject section */
		CBCA2D8515433DBA0023DF27 /* Project object */ = {
			isa = PBXProject;
			attributes = {
				LastUpgradeCheck = 0430;
			};
			buildConfigurationList = CBCA2D8815433DBA0023DF27 /* Build configuration list for PBXProject "TrollHTTPServer" */;
			compatibilityVersion = "Xcode 3.2";
			developmentRegion = English;
			hasScannedForEncodings = 0;
			knownRegions = (
				en,
			);
			mainGroup = CBCA2D8315433DBA0023DF27;
			productRefGroup = CBCA2D8F15433DBA0023DF27 /* Products */;
			projectDirPath = "";
			projectRoot = "";
			targets = (
				CBCA2D8D15433DBA0023DF27 /* TrollHTTPServer */,
			);
		};
/* End PBXProject section */

/* Begin PBXSourcesBuildPhase section */
		CBCA2D8A15433DBA0023DF27 /* Sources */ = {
			isa = PBXSourcesBuildPhase;
			buildActionMask = 2147483647;
			files = (
				CBCA2D9615433DBA0023DF27 /* main.m in Sources */,
				CBCA2DB7154344CD0023DF27 /* HTTPResponseHandler.m in Sources */,
				CBCA2DB8154344CD0023DF27 /* HTTPServer.m in Sources */,
				CBCA2DBB154345330023DF27 /* AppTextFileResponse.m in Sources */,
			);
			runOnlyForDeploymentPostprocessing = 0;
		};
/* End PBXSourcesBuildPhase section */

/* Begin XCBuildConfiguration section */
		CBCA2D9B15433DBA0023DF27 /* Debug */ = {
			isa = XCBuildConfiguration;
			buildSettings = {
				ALWAYS_SEARCH_USER_PATHS = NO;
				ARCHS = "$(ARCHS_STANDARD_64_BIT)";
				CLANG_ENABLE_OBJC_ARC = YES;
				COPY_PHASE_STRIP = NO;
				GCC_C_LANGUAGE_STANDARD = gnu99;
				GCC_DYNAMIC_NO_PIC = NO;
				GCC_ENABLE_OBJC_EXCEPTIONS = YES;
				GCC_OPTIMIZATION_LEVEL = 0;
				GCC_PREPROCESSOR_DEFINITIONS = (
					"DEBUG=1",
					"$(inherited)",
				);
				GCC_SYMBOLS_PRIVATE_EXTERN = NO;
				GCC_VERSION = com.apple.compilers.llvm.clang.1_0;
				GCC_WARN_64_TO_32_BIT_CONVERSION = YES;
				GCC_WARN_ABOUT_RETURN_TYPE = YES;
				GCC_WARN_UNINITIALIZED_AUTOS = YES;
				GCC_WARN_UNUSED_VARIABLE = YES;
				MACOSX_DEPLOYMENT_TARGET = 10.7;
				ONLY_ACTIVE_ARCH = YES;
				SDKROOT = macosx;
			};
			name = Debug;
		};
		CBCA2D9C15433DBA0023DF27 /* Release */ = {
			isa = XCBuildConfiguration;
			buildSettings = {
				ALWAYS_SEARCH_USER_PATHS = NO;
				ARCHS = "$(ARCHS_STANDARD_64_BIT)";
				CLANG_ENABLE_OBJC_ARC = YES;
				COPY_PHASE_STRIP = YES;
				DEBUG_INFORMATION_FORMAT = "dwarf-with-dsym";
				GCC_C_LANGUAGE_STANDARD = gnu99;
				GCC_ENABLE_OBJC_EXCEPTIONS = YES;
				GCC_VERSION = com.apple.compilers.llvm.clang.1_0;
				GCC_WARN_64_TO_32_BIT_CONVERSION = YES;
				GCC_WARN_ABOUT_RETURN_TYPE = YES;
				GCC_WARN_UNINITIALIZED_AUTOS = YES;
				GCC_WARN_UNUSED_VARIABLE = YES;
				MACOSX_DEPLOYMENT_TARGET = 10.7;
				SDKROOT = macosx;
			};
			name = Release;
		};
		CBCA2D9E15433DBA0023DF27 /* Debug */ = {
			isa = XCBuildConfiguration;
			buildSettings = {
				GCC_PRECOMPILE_PREFIX_HEADER = YES;
				GCC_PREFIX_HEADER = "TrollHTTPServer/TrollHTTPServer-Prefix.pch";
				PRODUCT_NAME = "$(TARGET_NAME)";
			};
			name = Debug;
		};
		CBCA2D9F15433DBA0023DF27 /* Release */ = {
			isa = XCBuildConfiguration;
			buildSettings = {
				GCC_PRECOMPILE_PREFIX_HEADER = YES;
				GCC_PREFIX_HEADER = "TrollHTTPServer/TrollHTTPServer-Prefix.pch";
				PRODUCT_NAME = "$(TARGET_NAME)";
			};
			name = Release;
		};
/* End XCBuildConfiguration section */

/* Begin XCConfigurationList section */
		CBCA2D8815433DBA0023DF27 /* Build configuration list for PBXProject "TrollHTTPServer" */ = {
			isa = XCConfigurationList;
			buildConfigurations = (
				CBCA2D9B15433DBA0023DF27 /* Debug */,
				CBCA2D9C15433DBA0023DF27 /* Release */,
			);
			defaultConfigurationIsVisible = 0;
			defaultConfigurationName = Release;
		};
		CBCA2D9D15433DBA0023DF27 /* Build configuration list for PBXNativeTarget "TrollHTTPServer" */ = {
			isa = XCConfigurationList;
			buildConfigurations = (
				CBCA2D9E15433DBA0023DF27 /* Debug */,
				CBCA2D9F15433DBA0023DF27 /* Release */,
			);
			defaultConfigurationIsVisible = 0;
			defaultConfigurationName = Release;
		};
/* End XCConfigurationList section */
	};
	rootObject = CBCA2D8515433DBA0023DF27 /* Project object */;
}
