// !$*UTF8*$!
{
	archiveVersion = 1;
	classes = {
	};
	objectVersion = 46;
	objects = {

/* Begin PBXBuildFile section */
		CB30CB4615854A7900125C62 /* SenTestingKit.framework in Frameworks */ = {isa = PBXBuildFile; fileRef = CB30CB4515854A7900125C62 /* SenTestingKit.framework */; };
		CB30CB4715854A7900125C62 /* Cocoa.framework in Frameworks */ = {isa = PBXBuildFile; fileRef = CBCA2CD0154226540023DF27 /* Cocoa.framework */; };
		CB30CB4D15854A7900125C62 /* InfoPlist.strings in Resources */ = {isa = PBXBuildFile; fileRef = CB30CB4B15854A7900125C62 /* InfoPlist.strings */; };
		CB30CB5015854A7900125C62 /* TBProjectParserTests.m in Sources */ = {isa = PBXBuildFile; fileRef = CB30CB4F15854A7900125C62 /* TBProjectParserTests.m */; };
		CB36A90815911E93002D1A7E /* BuildLogViewController.m in Sources */ = {isa = PBXBuildFile; fileRef = CB36A90615911E93002D1A7E /* BuildLogViewController.m */; };
		CB36A90915911E93002D1A7E /* BuildLogView.xib in Resources */ = {isa = PBXBuildFile; fileRef = CB36A90715911E93002D1A7E /* BuildLogView.xib */; };
		CB36A90D1591238C002D1A7E /* TrollBuilder.icns in Resources */ = {isa = PBXBuildFile; fileRef = CB36A90C1591238C002D1A7E /* TrollBuilder.icns */; };
		CB3A4A8D154F49A00022ACD1 /* TBProject.m in Sources */ = {isa = PBXBuildFile; fileRef = CB3A4A8C154F49A00022ACD1 /* TBProject.m */; };
		CB43D08F15892B0500A3E53E /* TBBuildJob.m in Sources */ = {isa = PBXBuildFile; fileRef = CB43D08E15892B0500A3E53E /* TBBuildJob.m */; };
		CB5E79F8158A80DE00F3EC51 /* TBXBuildConfiguration.m in Sources */ = {isa = PBXBuildFile; fileRef = CB5E79F7158A80DD00F3EC51 /* TBXBuildConfiguration.m */; };
		CB7E7445157E0885009A2F78 /* TBXTarget.m in Sources */ = {isa = PBXBuildFile; fileRef = CB7E7444157E0885009A2F78 /* TBXTarget.m */; };
		CB7E7449157E08C4009A2F78 /* TBXTargetConfiguration.m in Sources */ = {isa = PBXBuildFile; fileRef = CB7E7448157E08C4009A2F78 /* TBXTargetConfiguration.m */; };
		CB7E7453157E1361009A2F78 /* Unittest.icns in Resources */ = {isa = PBXBuildFile; fileRef = CB7E7452157E1361009A2F78 /* Unittest.icns */; };
		CB7E7455157E1385009A2F78 /* Appdata.icns in Resources */ = {isa = PBXBuildFile; fileRef = CB7E7454157E1385009A2F78 /* Appdata.icns */; };
		CB7E7458157E14B4009A2F78 /* TBTarget.m in Sources */ = {isa = PBXBuildFile; fileRef = CB7E7457157E14B4009A2F78 /* TBTarget.m */; };
		CB83EED6158A057A00D19C28 /* TBApplicationSettings.m in Sources */ = {isa = PBXBuildFile; fileRef = CB83EED5158A057A00D19C28 /* TBApplicationSettings.m */; };
		CB8830D5154CB08E0066F01F /* MainWindow.xib in Resources */ = {isa = PBXBuildFile; fileRef = CB8830D4154CB08E0066F01F /* MainWindow.xib */; };
		CB8830E4154D7C820066F01F /* TBBuildConfiguration.m in Sources */ = {isa = PBXBuildFile; fileRef = CB8830E3154D7C820066F01F /* TBBuildConfiguration.m */; };
		CB9C19651589238000F8C36A /* project.pbxproj in Resources */ = {isa = PBXBuildFile; fileRef = CB9C195715891B1600F8C36A /* project.pbxproj */; };
		CB9C1968158924F400F8C36A /* TBBuilder.m in Sources */ = {isa = PBXBuildFile; fileRef = CB9C1967158924F400F8C36A /* TBBuilder.m */; };
		CBA0846B1593C91A000E2E6F /* AboutWindow.xib in Resources */ = {isa = PBXBuildFile; fileRef = CBA0846A1593C91A000E2E6F /* AboutWindow.xib */; };
		CBA084C11595305C000E2E6F /* SettingsWindowController.m in Sources */ = {isa = PBXBuildFile; fileRef = CBA084C01595305C000E2E6F /* SettingsWindowController.m */; };
		CBA084C41595308D000E2E6F /* SettingsWindow.xib in Resources */ = {isa = PBXBuildFile; fileRef = CBA084C31595308D000E2E6F /* SettingsWindow.xib */; };
		CBA41B9715912C3900F3CCE1 /* Bundle.icns in Resources */ = {isa = PBXBuildFile; fileRef = CBA41B9615912C3900F3CCE1 /* Bundle.icns */; };
		CBA41B9A15912C5C00F3CCE1 /* Apparchive.icns in Resources */ = {isa = PBXBuildFile; fileRef = CBA41B9815912C5C00F3CCE1 /* Apparchive.icns */; };
		CBA41B9B15912C5C00F3CCE1 /* Documentation.icns in Resources */ = {isa = PBXBuildFile; fileRef = CBA41B9915912C5C00F3CCE1 /* Documentation.icns */; };
		CBCA2CD1154226540023DF27 /* Cocoa.framework in Frameworks */ = {isa = PBXBuildFile; fileRef = CBCA2CD0154226540023DF27 /* Cocoa.framework */; };
		CBCA2CDB154226540023DF27 /* InfoPlist.strings in Resources */ = {isa = PBXBuildFile; fileRef = CBCA2CD9154226540023DF27 /* InfoPlist.strings */; };
		CBCA2CDD154226540023DF27 /* main.m in Sources */ = {isa = PBXBuildFile; fileRef = CBCA2CDC154226540023DF27 /* main.m */; };
		CBCA2CE4154226540023DF27 /* TBAppDelegate.m in Sources */ = {isa = PBXBuildFile; fileRef = CBCA2CE3154226540023DF27 /* TBAppDelegate.m */; };
		CBCA2CEA154226550023DF27 /* TrollBuilder.xcdatamodeld in Sources */ = {isa = PBXBuildFile; fileRef = CBCA2CE8154226540023DF27 /* TrollBuilder.xcdatamodeld */; };
		CBCA2CFF15422D500023DF27 /* TBProjectCell.m in Sources */ = {isa = PBXBuildFile; fileRef = CBCA2CFD15422D500023DF27 /* TBProjectCell.m */; };
		CBCA2D0915422D970023DF27 /* ProjectListController.m in Sources */ = {isa = PBXBuildFile; fileRef = CBCA2D0715422D970023DF27 /* ProjectListController.m */; };
		CBCA2D0A15422D970023DF27 /* ProjectListView.xib in Resources */ = {isa = PBXBuildFile; fileRef = CBCA2D0815422D970023DF27 /* ProjectListView.xib */; };
		CBCA2D0D15422DDC0023DF27 /* MainWindowController.m in Sources */ = {isa = PBXBuildFile; fileRef = CBCA2D0C15422DDC0023DF27 /* MainWindowController.m */; };
		CBCA2D0F15422E570023DF27 /* MainApplication.xib in Resources */ = {isa = PBXBuildFile; fileRef = CBCA2D0E15422E570023DF27 /* MainApplication.xib */; };
		CBCA2D1415422F280023DF27 /* TBXProject.m in Sources */ = {isa = PBXBuildFile; fileRef = CBCA2D1315422F280023DF27 /* TBXProject.m */; };
		CBD07916158219B70080840F /* TBBuildQueue.m in Sources */ = {isa = PBXBuildFile; fileRef = CBD07915158219B70080840F /* TBBuildQueue.m */; };
		CBDC3DC715E02CF100C0C82A /* TBGit.m in Sources */ = {isa = PBXBuildFile; fileRef = CBDC3DC615E02CF100C0C82A /* TBGit.m */; };
		CBDC3DCA15E0312300C0C82A /* TBGitTests.m in Sources */ = {isa = PBXBuildFile; fileRef = CBDC3DC915E0312300C0C82A /* TBGitTests.m */; };
		CBDC3DDC15E03C5F00C0C82A /* ObjectiveGit.framework in Frameworks */ = {isa = PBXBuildFile; fileRef = CBDC3DD915E03BD800C0C82A /* ObjectiveGit.framework */; };
		CBDC3DF915E03CA400C0C82A /* ObjectiveGit.framework in CopyFiles */ = {isa = PBXBuildFile; fileRef = CBDC3DD915E03BD800C0C82A /* ObjectiveGit.framework */; };
		CBDC3E0A15E047FD00C0C82A /* RemoteDialogWindow.xib in Resources */ = {isa = PBXBuildFile; fileRef = CBDC3E0915E047FD00C0C82A /* RemoteDialogWindow.xib */; };
		CBDC3E0D15E04D1400C0C82A /* RemoteDialogWindowController.m in Sources */ = {isa = PBXBuildFile; fileRef = CBDC3E0C15E04D1400C0C82A /* RemoteDialogWindowController.m */; };
		CBF693F3154C44AA00F6D4AC /* Xcodeproj.icns in Resources */ = {isa = PBXBuildFile; fileRef = CBF693F2154C44AA00F6D4AC /* Xcodeproj.icns */; };
/* End PBXBuildFile section */

/* Begin PBXCopyFilesBuildPhase section */
		CBDC3DF815E03C9400C0C82A /* CopyFiles */ = {
			isa = PBXCopyFilesBuildPhase;
			buildActionMask = 2147483647;
			dstPath = "";
			dstSubfolderSpec = 10;
			files = (
				CBDC3DF915E03CA400C0C82A /* ObjectiveGit.framework in CopyFiles */,
			);
			runOnlyForDeploymentPostprocessing = 0;
		};
/* End PBXCopyFilesBuildPhase section */

/* Begin PBXFileReference section */
		CB30CB3C1585498A00125C62 /* README */ = {isa = PBXFileReference; fileEncoding = 4; lastKnownFileType = text; path = README; sourceTree = SOURCE_ROOT; };
		CB30CB4415854A7900125C62 /* TrollBuilderTests.octest */ = {isa = PBXFileReference; explicitFileType = wrapper.cfbundle; includeInIndex = 0; path = TrollBuilderTests.octest; sourceTree = BUILT_PRODUCTS_DIR; };
		CB30CB4515854A7900125C62 /* SenTestingKit.framework */ = {isa = PBXFileReference; lastKnownFileType = wrapper.framework; name = SenTestingKit.framework; path = Library/Frameworks/SenTestingKit.framework; sourceTree = DEVELOPER_DIR; };
		CB30CB4A15854A7900125C62 /* TrollBuilderTests-Info.plist */ = {isa = PBXFileReference; lastKnownFileType = text.plist.xml; path = "TrollBuilderTests-Info.plist"; sourceTree = "<group>"; };
		CB30CB4C15854A7900125C62 /* en */ = {isa = PBXFileReference; lastKnownFileType = text.plist.strings; name = en; path = en.lproj/InfoPlist.strings; sourceTree = "<group>"; };
		CB30CB4E15854A7900125C62 /* TBProjectParserTests.h */ = {isa = PBXFileReference; lastKnownFileType = sourcecode.c.h; path = TBProjectParserTests.h; sourceTree = "<group>"; };
		CB30CB4F15854A7900125C62 /* TBProjectParserTests.m */ = {isa = PBXFileReference; lastKnownFileType = sourcecode.c.objc; path = TBProjectParserTests.m; sourceTree = "<group>"; };
		CB30CB5115854A7900125C62 /* TrollBuilderTests-Prefix.pch */ = {isa = PBXFileReference; lastKnownFileType = sourcecode.c.h; path = "TrollBuilderTests-Prefix.pch"; sourceTree = "<group>"; };
		CB36A90515911E93002D1A7E /* BuildLogViewController.h */ = {isa = PBXFileReference; fileEncoding = 4; lastKnownFileType = sourcecode.c.h; path = BuildLogViewController.h; sourceTree = "<group>"; };
		CB36A90615911E93002D1A7E /* BuildLogViewController.m */ = {isa = PBXFileReference; fileEncoding = 4; lastKnownFileType = sourcecode.c.objc; path = BuildLogViewController.m; sourceTree = "<group>"; };
		CB36A90715911E93002D1A7E /* BuildLogView.xib */ = {isa = PBXFileReference; fileEncoding = 4; lastKnownFileType = file.xib; path = BuildLogView.xib; sourceTree = "<group>"; };
		CB36A90C1591238C002D1A7E /* TrollBuilder.icns */ = {isa = PBXFileReference; lastKnownFileType = image.icns; path = TrollBuilder.icns; sourceTree = SOURCE_ROOT; };
		CB3A4A8B154F49A00022ACD1 /* TBProject.h */ = {isa = PBXFileReference; fileEncoding = 4; lastKnownFileType = sourcecode.c.h; path = TBProject.h; sourceTree = "<group>"; };
		CB3A4A8C154F49A00022ACD1 /* TBProject.m */ = {isa = PBXFileReference; fileEncoding = 4; lastKnownFileType = sourcecode.c.objc; path = TBProject.m; sourceTree = "<group>"; };
		CB43D08D15892B0500A3E53E /* TBBuildJob.h */ = {isa = PBXFileReference; fileEncoding = 4; lastKnownFileType = sourcecode.c.h; path = TBBuildJob.h; sourceTree = "<group>"; };
		CB43D08E15892B0500A3E53E /* TBBuildJob.m */ = {isa = PBXFileReference; fileEncoding = 4; lastKnownFileType = sourcecode.c.objc; path = TBBuildJob.m; sourceTree = "<group>"; };
		CB5E79F6158A80DD00F3EC51 /* TBXBuildConfiguration.h */ = {isa = PBXFileReference; fileEncoding = 4; lastKnownFileType = sourcecode.c.h; path = TBXBuildConfiguration.h; sourceTree = "<group>"; };
		CB5E79F7158A80DD00F3EC51 /* TBXBuildConfiguration.m */ = {isa = PBXFileReference; fileEncoding = 4; lastKnownFileType = sourcecode.c.objc; path = TBXBuildConfiguration.m; sourceTree = "<group>"; };
		CB7E7443157E0885009A2F78 /* TBXTarget.h */ = {isa = PBXFileReference; fileEncoding = 4; lastKnownFileType = sourcecode.c.h; path = TBXTarget.h; sourceTree = "<group>"; };
		CB7E7444157E0885009A2F78 /* TBXTarget.m */ = {isa = PBXFileReference; fileEncoding = 4; lastKnownFileType = sourcecode.c.objc; path = TBXTarget.m; sourceTree = "<group>"; };
		CB7E7447157E08C4009A2F78 /* TBXTargetConfiguration.h */ = {isa = PBXFileReference; fileEncoding = 4; lastKnownFileType = sourcecode.c.h; path = TBXTargetConfiguration.h; sourceTree = "<group>"; };
		CB7E7448157E08C4009A2F78 /* TBXTargetConfiguration.m */ = {isa = PBXFileReference; fileEncoding = 4; lastKnownFileType = sourcecode.c.objc; path = TBXTargetConfiguration.m; sourceTree = "<group>"; };
		CB7E7452157E1361009A2F78 /* Unittest.icns */ = {isa = PBXFileReference; lastKnownFileType = image.icns; name = Unittest.icns; path = Resources/Icons/Unittest.icns; sourceTree = SOURCE_ROOT; };
		CB7E7454157E1385009A2F78 /* Appdata.icns */ = {isa = PBXFileReference; lastKnownFileType = image.icns; name = Appdata.icns; path = Resources/Icons/Appdata.icns; sourceTree = SOURCE_ROOT; };
		CB7E7456157E14B4009A2F78 /* TBTarget.h */ = {isa = PBXFileReference; fileEncoding = 4; lastKnownFileType = sourcecode.c.h; path = TBTarget.h; sourceTree = "<group>"; };
		CB7E7457157E14B4009A2F78 /* TBTarget.m */ = {isa = PBXFileReference; fileEncoding = 4; lastKnownFileType = sourcecode.c.objc; path = TBTarget.m; sourceTree = "<group>"; };
		CB83EED4158A057A00D19C28 /* TBApplicationSettings.h */ = {isa = PBXFileReference; fileEncoding = 4; lastKnownFileType = sourcecode.c.h; path = TBApplicationSettings.h; sourceTree = "<group>"; };
		CB83EED5158A057A00D19C28 /* TBApplicationSettings.m */ = {isa = PBXFileReference; fileEncoding = 4; lastKnownFileType = sourcecode.c.objc; path = TBApplicationSettings.m; sourceTree = "<group>"; };
		CB8830D4154CB08E0066F01F /* MainWindow.xib */ = {isa = PBXFileReference; fileEncoding = 4; lastKnownFileType = file.xib; path = MainWindow.xib; sourceTree = "<group>"; };
		CB8830E2154D7C820066F01F /* TBBuildConfiguration.h */ = {isa = PBXFileReference; fileEncoding = 4; lastKnownFileType = sourcecode.c.h; path = TBBuildConfiguration.h; sourceTree = "<group>"; };
		CB8830E3154D7C820066F01F /* TBBuildConfiguration.m */ = {isa = PBXFileReference; fileEncoding = 4; lastKnownFileType = sourcecode.c.objc; path = TBBuildConfiguration.m; sourceTree = "<group>"; };
		CB96CBC6159A028200C378A6 /* TrollBuilder.entitlements */ = {isa = PBXFileReference; lastKnownFileType = text.xml; path = TrollBuilder.entitlements; sourceTree = "<group>"; };
		CB9C195715891B1600F8C36A /* project.pbxproj */ = {isa = PBXFileReference; fileEncoding = 4; lastKnownFileType = text.pbxproject; name = project.pbxproj; path = Resources/Data/project.pbxproj; sourceTree = SOURCE_ROOT; };
		CB9C1966158924F400F8C36A /* TBBuilder.h */ = {isa = PBXFileReference; fileEncoding = 4; lastKnownFileType = sourcecode.c.h; path = TBBuilder.h; sourceTree = "<group>"; };
		CB9C1967158924F400F8C36A /* TBBuilder.m */ = {isa = PBXFileReference; fileEncoding = 4; lastKnownFileType = sourcecode.c.objc; path = TBBuilder.m; sourceTree = "<group>"; };
		CBA0846A1593C91A000E2E6F /* AboutWindow.xib */ = {isa = PBXFileReference; fileEncoding = 4; lastKnownFileType = file.xib; path = AboutWindow.xib; sourceTree = "<group>"; };
		CBA084BF1595305C000E2E6F /* SettingsWindowController.h */ = {isa = PBXFileReference; fileEncoding = 4; lastKnownFileType = sourcecode.c.h; path = SettingsWindowController.h; sourceTree = "<group>"; };
		CBA084C01595305C000E2E6F /* SettingsWindowController.m */ = {isa = PBXFileReference; fileEncoding = 4; lastKnownFileType = sourcecode.c.objc; path = SettingsWindowController.m; sourceTree = "<group>"; };
		CBA084C31595308D000E2E6F /* SettingsWindow.xib */ = {isa = PBXFileReference; fileEncoding = 4; lastKnownFileType = file.xib; path = SettingsWindow.xib; sourceTree = "<group>"; };
		CBA41B9615912C3900F3CCE1 /* Bundle.icns */ = {isa = PBXFileReference; lastKnownFileType = image.icns; name = Bundle.icns; path = Resources/Icons/Bundle.icns; sourceTree = SOURCE_ROOT; };
		CBA41B9815912C5C00F3CCE1 /* Apparchive.icns */ = {isa = PBXFileReference; lastKnownFileType = image.icns; name = Apparchive.icns; path = Resources/Icons/Apparchive.icns; sourceTree = SOURCE_ROOT; };
		CBA41B9915912C5C00F3CCE1 /* Documentation.icns */ = {isa = PBXFileReference; lastKnownFileType = image.icns; name = Documentation.icns; path = Resources/Icons/Documentation.icns; sourceTree = SOURCE_ROOT; };
		CBCA2CCC154226540023DF27 /* TrollBuilder.app */ = {isa = PBXFileReference; explicitFileType = wrapper.application; includeInIndex = 0; path = TrollBuilder.app; sourceTree = BUILT_PRODUCTS_DIR; };
		CBCA2CD0154226540023DF27 /* Cocoa.framework */ = {isa = PBXFileReference; lastKnownFileType = wrapper.framework; name = Cocoa.framework; path = System/Library/Frameworks/Cocoa.framework; sourceTree = SDKROOT; };
		CBCA2CD3154226540023DF27 /* AppKit.framework */ = {isa = PBXFileReference; lastKnownFileType = wrapper.framework; name = AppKit.framework; path = System/Library/Frameworks/AppKit.framework; sourceTree = SDKROOT; };
		CBCA2CD4154226540023DF27 /* CoreData.framework */ = {isa = PBXFileReference; lastKnownFileType = wrapper.framework; name = CoreData.framework; path = System/Library/Frameworks/CoreData.framework; sourceTree = SDKROOT; };
		CBCA2CD5154226540023DF27 /* Foundation.framework */ = {isa = PBXFileReference; lastKnownFileType = wrapper.framework; name = Foundation.framework; path = System/Library/Frameworks/Foundation.framework; sourceTree = SDKROOT; };
		CBCA2CD8154226540023DF27 /* TrollBuilder-Info.plist */ = {isa = PBXFileReference; lastKnownFileType = text.plist.xml; path = "TrollBuilder-Info.plist"; sourceTree = "<group>"; };
		CBCA2CDA154226540023DF27 /* en */ = {isa = PBXFileReference; lastKnownFileType = text.plist.strings; name = en; path = en.lproj/InfoPlist.strings; sourceTree = "<group>"; };
		CBCA2CDC154226540023DF27 /* main.m */ = {isa = PBXFileReference; lastKnownFileType = sourcecode.c.objc; path = main.m; sourceTree = "<group>"; };
		CBCA2CDE154226540023DF27 /* TrollBuilder-Prefix.pch */ = {isa = PBXFileReference; lastKnownFileType = sourcecode.c.h; path = "TrollBuilder-Prefix.pch"; sourceTree = "<group>"; };
		CBCA2CE2154226540023DF27 /* TBAppDelegate.h */ = {isa = PBXFileReference; lastKnownFileType = sourcecode.c.h; path = TBAppDelegate.h; sourceTree = "<group>"; };
		CBCA2CE3154226540023DF27 /* TBAppDelegate.m */ = {isa = PBXFileReference; lastKnownFileType = sourcecode.c.objc; path = TBAppDelegate.m; sourceTree = "<group>"; };
		CBCA2CE9154226540023DF27 /* TrollBuilder.xcdatamodel */ = {isa = PBXFileReference; lastKnownFileType = wrapper.xcdatamodel; path = TrollBuilder.xcdatamodel; sourceTree = "<group>"; };
		CBCA2CFC15422D500023DF27 /* TBProjectCell.h */ = {isa = PBXFileReference; fileEncoding = 4; lastKnownFileType = sourcecode.c.h; path = TBProjectCell.h; sourceTree = "<group>"; };
		CBCA2CFD15422D500023DF27 /* TBProjectCell.m */ = {isa = PBXFileReference; fileEncoding = 4; lastKnownFileType = sourcecode.c.objc; path = TBProjectCell.m; sourceTree = "<group>"; };
		CBCA2D0215422D7E0023DF27 /* TBXProject.h */ = {isa = PBXFileReference; fileEncoding = 4; lastKnownFileType = sourcecode.c.h; path = TBXProject.h; sourceTree = "<group>"; };
		CBCA2D0615422D970023DF27 /* ProjectListController.h */ = {isa = PBXFileReference; fileEncoding = 4; lastKnownFileType = sourcecode.c.h; path = ProjectListController.h; sourceTree = "<group>"; };
		CBCA2D0715422D970023DF27 /* ProjectListController.m */ = {isa = PBXFileReference; fileEncoding = 4; lastKnownFileType = sourcecode.c.objc; path = ProjectListController.m; sourceTree = "<group>"; };
		CBCA2D0815422D970023DF27 /* ProjectListView.xib */ = {isa = PBXFileReference; fileEncoding = 4; lastKnownFileType = file.xib; path = ProjectListView.xib; sourceTree = "<group>"; };
		CBCA2D0B15422DDC0023DF27 /* MainWindowController.h */ = {isa = PBXFileReference; fileEncoding = 4; lastKnownFileType = sourcecode.c.h; path = MainWindowController.h; sourceTree = "<group>"; };
		CBCA2D0C15422DDC0023DF27 /* MainWindowController.m */ = {isa = PBXFileReference; fileEncoding = 4; lastKnownFileType = sourcecode.c.objc; path = MainWindowController.m; sourceTree = "<group>"; };
		CBCA2D0E15422E570023DF27 /* MainApplication.xib */ = {isa = PBXFileReference; fileEncoding = 4; lastKnownFileType = file.xib; path = MainApplication.xib; sourceTree = "<group>"; };
		CBCA2D1315422F280023DF27 /* TBXProject.m */ = {isa = PBXFileReference; fileEncoding = 4; lastKnownFileType = sourcecode.c.objc; path = TBXProject.m; sourceTree = "<group>"; };
		CBD07914158219B70080840F /* TBBuildQueue.h */ = {isa = PBXFileReference; fileEncoding = 4; lastKnownFileType = sourcecode.c.h; path = TBBuildQueue.h; sourceTree = "<group>"; };
		CBD07915158219B70080840F /* TBBuildQueue.m */ = {isa = PBXFileReference; fileEncoding = 4; lastKnownFileType = sourcecode.c.objc; path = TBBuildQueue.m; sourceTree = "<group>"; };
		CBDC3DC515E02CF100C0C82A /* TBGit.h */ = {isa = PBXFileReference; fileEncoding = 4; lastKnownFileType = sourcecode.c.h; path = TBGit.h; sourceTree = "<group>"; };
		CBDC3DC615E02CF100C0C82A /* TBGit.m */ = {isa = PBXFileReference; fileEncoding = 4; lastKnownFileType = sourcecode.c.objc; path = TBGit.m; sourceTree = "<group>"; };
		CBDC3DC815E0312300C0C82A /* TBGitTests.h */ = {isa = PBXFileReference; fileEncoding = 4; lastKnownFileType = sourcecode.c.h; path = TBGitTests.h; sourceTree = "<group>"; };
		CBDC3DC915E0312300C0C82A /* TBGitTests.m */ = {isa = PBXFileReference; fileEncoding = 4; lastKnownFileType = sourcecode.c.objc; path = TBGitTests.m; sourceTree = "<group>"; };
		CBDC3DD915E03BD800C0C82A /* ObjectiveGit.framework */ = {isa = PBXFileReference; lastKnownFileType = wrapper.framework; name = ObjectiveGit.framework; path = Libraries/ObjectiveGit.framework; sourceTree = "<group>"; };
		CBDC3E0915E047FD00C0C82A /* RemoteDialogWindow.xib */ = {isa = PBXFileReference; fileEncoding = 4; lastKnownFileType = file.xib; path = RemoteDialogWindow.xib; sourceTree = "<group>"; };
		CBDC3E0B15E04D1400C0C82A /* RemoteDialogWindowController.h */ = {isa = PBXFileReference; fileEncoding = 4; lastKnownFileType = sourcecode.c.h; path = RemoteDialogWindowController.h; sourceTree = "<group>"; };
		CBDC3E0C15E04D1400C0C82A /* RemoteDialogWindowController.m */ = {isa = PBXFileReference; fileEncoding = 4; lastKnownFileType = sourcecode.c.objc; path = RemoteDialogWindowController.m; sourceTree = "<group>"; };
		CBF693F2154C44AA00F6D4AC /* Xcodeproj.icns */ = {isa = PBXFileReference; lastKnownFileType = image.icns; name = Xcodeproj.icns; path = Resources/Icons/Xcodeproj.icns; sourceTree = SOURCE_ROOT; };
/* End PBXFileReference section */

/* Begin PBXFrameworksBuildPhase section */
		CB30CB4015854A7900125C62 /* Frameworks */ = {
			isa = PBXFrameworksBuildPhase;
			buildActionMask = 2147483647;
			files = (
				CB30CB4615854A7900125C62 /* SenTestingKit.framework in Frameworks */,
				CB30CB4715854A7900125C62 /* Cocoa.framework in Frameworks */,
			);
			runOnlyForDeploymentPostprocessing = 0;
		};
		CBCA2CC9154226540023DF27 /* Frameworks */ = {
			isa = PBXFrameworksBuildPhase;
			buildActionMask = 2147483647;
			files = (
				CBCA2CD1154226540023DF27 /* Cocoa.framework in Frameworks */,
				CBDC3DDC15E03C5F00C0C82A /* ObjectiveGit.framework in Frameworks */,
			);
			runOnlyForDeploymentPostprocessing = 0;
		};
/* End PBXFrameworksBuildPhase section */

/* Begin PBXGroup section */
		CB30CB39158545BC00125C62 /* Cocoa UI */ = {
			isa = PBXGroup;
			children = (
				CBCA2CFB15422D380023DF27 /* Custom Cells */,
				CB8830CF154CA50E0066F01F /* Views */,
				CBCA2D0515422D8B0023DF27 /* ViewControllers */,
			);
			name = "Cocoa UI";
			sourceTree = "<group>";
		};
		CB30CB3B158545ED00125C62 /* Data Storage */ = {
			isa = PBXGroup;
			children = (
				CBCA2D0115422D6E0023DF27 /* Core Data */,
			);
			name = "Data Storage";
			sourceTree = "<group>";
		};
		CB30CB3E158549ED00125C62 /* Testdata */ = {
			isa = PBXGroup;
			children = (
			);
			name = Testdata;
			sourceTree = "<group>";
		};
		CB30CB4815854A7900125C62 /* TrollBuilderTests */ = {
			isa = PBXGroup;
			children = (
				CB9C19641589235800F8C36A /* Data */,
				CB30CB4915854A7900125C62 /* Supporting Files */,
				CB30CB4E15854A7900125C62 /* TBProjectParserTests.h */,
				CB30CB4F15854A7900125C62 /* TBProjectParserTests.m */,
				CBDC3DC815E0312300C0C82A /* TBGitTests.h */,
				CBDC3DC915E0312300C0C82A /* TBGitTests.m */,
			);
			path = TrollBuilderTests;
			sourceTree = "<group>";
		};
		CB30CB4915854A7900125C62 /* Supporting Files */ = {
			isa = PBXGroup;
			children = (
				CB30CB4A15854A7900125C62 /* TrollBuilderTests-Info.plist */,
				CB30CB4B15854A7900125C62 /* InfoPlist.strings */,
				CB30CB5115854A7900125C62 /* TrollBuilderTests-Prefix.pch */,
			);
			name = "Supporting Files";
			sourceTree = "<group>";
		};
		CB8830CF154CA50E0066F01F /* Views */ = {
			isa = PBXGroup;
			children = (
				CB36A90715911E93002D1A7E /* BuildLogView.xib */,
				CBCA2D0815422D970023DF27 /* ProjectListView.xib */,
				CB8830D4154CB08E0066F01F /* MainWindow.xib */,
				CBCA2D0E15422E570023DF27 /* MainApplication.xib */,
				CBA0846A1593C91A000E2E6F /* AboutWindow.xib */,
				CBA084C31595308D000E2E6F /* SettingsWindow.xib */,
				CBDC3E0915E047FD00C0C82A /* RemoteDialogWindow.xib */,
			);
			name = Views;
			sourceTree = "<group>";
		};
		CB8830E9154D85890066F01F /* XCode Project Parser */ = {
			isa = PBXGroup;
			children = (
				CBCA2D0215422D7E0023DF27 /* TBXProject.h */,
				CBCA2D1315422F280023DF27 /* TBXProject.m */,
				CB7E7443157E0885009A2F78 /* TBXTarget.h */,
				CB7E7444157E0885009A2F78 /* TBXTarget.m */,
				CB7E7447157E08C4009A2F78 /* TBXTargetConfiguration.h */,
				CB7E7448157E08C4009A2F78 /* TBXTargetConfiguration.m */,
				CB5E79F6158A80DD00F3EC51 /* TBXBuildConfiguration.h */,
				CB5E79F7158A80DD00F3EC51 /* TBXBuildConfiguration.m */,
			);
			name = "XCode Project Parser";
			sourceTree = "<group>";
		};
		CB9C19641589235800F8C36A /* Data */ = {
			isa = PBXGroup;
			children = (
				CB9C195715891B1600F8C36A /* project.pbxproj */,
			);
			name = Data;
			sourceTree = "<group>";
		};
		CBCA2CC1154226540023DF27 = {
			isa = PBXGroup;
			children = (
				CBCA2CD6154226540023DF27 /* TrollBuilder */,
				CB30CB4815854A7900125C62 /* TrollBuilderTests */,
				CBCA2CCF154226540023DF27 /* Frameworks */,
				CBCA2CCD154226540023DF27 /* Products */,
			);
			sourceTree = "<group>";
		};
		CBCA2CCD154226540023DF27 /* Products */ = {
			isa = PBXGroup;
			children = (
				CBCA2CCC154226540023DF27 /* TrollBuilder.app */,
				CB30CB4415854A7900125C62 /* TrollBuilderTests.octest */,
			);
			name = Products;
			sourceTree = "<group>";
		};
		CBCA2CCF154226540023DF27 /* Frameworks */ = {
			isa = PBXGroup;
			children = (
				CBDC3DD915E03BD800C0C82A /* ObjectiveGit.framework */,
				CBCA2CD0154226540023DF27 /* Cocoa.framework */,
				CB30CB4515854A7900125C62 /* SenTestingKit.framework */,
				CBCA2CD3154226540023DF27 /* AppKit.framework */,
				CBCA2CD4154226540023DF27 /* CoreData.framework */,
				CBCA2CD5154226540023DF27 /* Foundation.framework */,
			);
			name = Frameworks;
			sourceTree = "<group>";
		};
		CBCA2CD6154226540023DF27 /* TrollBuilder */ = {
			isa = PBXGroup;
			children = (
				CBCA2CE2154226540023DF27 /* TBAppDelegate.h */,
				CBCA2CE3154226540023DF27 /* TBAppDelegate.m */,
				CB83EED4158A057A00D19C28 /* TBApplicationSettings.h */,
				CB83EED5158A057A00D19C28 /* TBApplicationSettings.m */,
				CBF693ED154C445800F6D4AC /* Resources */,
				CB30CB3B158545ED00125C62 /* Data Storage */,
				CB30CB39158545BC00125C62 /* Cocoa UI */,
				CB8830E9154D85890066F01F /* XCode Project Parser */,
				CBD07913158218B20080840F /* XCode Project Build System */,
				CBDC3DC315E02C3100C0C82A /* Git */,
				CBCA2CD7154226540023DF27 /* Supporting Files */,
			);
			path = TrollBuilder;
			sourceTree = "<group>";
		};
		CBCA2CD7154226540023DF27 /* Supporting Files */ = {
			isa = PBXGroup;
			children = (
				CB96CBC6159A028200C378A6 /* TrollBuilder.entitlements */,
				CB30CB3C1585498A00125C62 /* README */,
				CBCA2CD8154226540023DF27 /* TrollBuilder-Info.plist */,
				CBCA2CD9154226540023DF27 /* InfoPlist.strings */,
				CBCA2CDC154226540023DF27 /* main.m */,
				CBCA2CDE154226540023DF27 /* TrollBuilder-Prefix.pch */,
			);
			name = "Supporting Files";
			sourceTree = "<group>";
		};
		CBCA2CFB15422D380023DF27 /* Custom Cells */ = {
			isa = PBXGroup;
			children = (
				CBCA2CFC15422D500023DF27 /* TBProjectCell.h */,
				CBCA2CFD15422D500023DF27 /* TBProjectCell.m */,
			);
			name = "Custom Cells";
			sourceTree = "<group>";
		};
		CBCA2D0115422D6E0023DF27 /* Core Data */ = {
			isa = PBXGroup;
			children = (
				CBCA2CE8154226540023DF27 /* TrollBuilder.xcdatamodeld */,
				CB7E7456157E14B4009A2F78 /* TBTarget.h */,
				CB7E7457157E14B4009A2F78 /* TBTarget.m */,
				CB3A4A8B154F49A00022ACD1 /* TBProject.h */,
				CB3A4A8C154F49A00022ACD1 /* TBProject.m */,
				CB8830E2154D7C820066F01F /* TBBuildConfiguration.h */,
				CB8830E3154D7C820066F01F /* TBBuildConfiguration.m */,
			);
			name = "Core Data";
			sourceTree = "<group>";
		};
		CBCA2D0515422D8B0023DF27 /* ViewControllers */ = {
			isa = PBXGroup;
			children = (
				CBDC3E0E15E04D1D00C0C82A /* Modal Window Controllers */,
				CBCA2D0615422D970023DF27 /* ProjectListController.h */,
				CBCA2D0715422D970023DF27 /* ProjectListController.m */,
				CBCA2D0B15422DDC0023DF27 /* MainWindowController.h */,
				CBCA2D0C15422DDC0023DF27 /* MainWindowController.m */,
				CB36A90515911E93002D1A7E /* BuildLogViewController.h */,
				CB36A90615911E93002D1A7E /* BuildLogViewController.m */,
			);
			name = ViewControllers;
			sourceTree = "<group>";
		};
		CBD07913158218B20080840F /* XCode Project Build System */ = {
			isa = PBXGroup;
			children = (
				CBD07914158219B70080840F /* TBBuildQueue.h */,
				CBD07915158219B70080840F /* TBBuildQueue.m */,
				CB9C1966158924F400F8C36A /* TBBuilder.h */,
				CB9C1967158924F400F8C36A /* TBBuilder.m */,
				CB43D08D15892B0500A3E53E /* TBBuildJob.h */,
				CB43D08E15892B0500A3E53E /* TBBuildJob.m */,
			);
			name = "XCode Project Build System";
			sourceTree = "<group>";
		};
		CBDC3DC315E02C3100C0C82A /* Git */ = {
			isa = PBXGroup;
			children = (
				CBDC3DC515E02CF100C0C82A /* TBGit.h */,
				CBDC3DC615E02CF100C0C82A /* TBGit.m */,
			);
			name = Git;
			sourceTree = "<group>";
		};
		CBDC3E0E15E04D1D00C0C82A /* Modal Window Controllers */ = {
			isa = PBXGroup;
			children = (
				CBA084BF1595305C000E2E6F /* SettingsWindowController.h */,
				CBA084C01595305C000E2E6F /* SettingsWindowController.m */,
				CBDC3E0B15E04D1400C0C82A /* RemoteDialogWindowController.h */,
				CBDC3E0C15E04D1400C0C82A /* RemoteDialogWindowController.m */,
			);
			name = "Modal Window Controllers";
			sourceTree = "<group>";
		};
		CBF693ED154C445800F6D4AC /* Resources */ = {
			isa = PBXGroup;
			children = (
				CB30CB3E158549ED00125C62 /* Testdata */,
				CBF693EF154C446100F6D4AC /* Icons */,
			);
			name = Resources;
			sourceTree = "<group>";
		};
		CBF693EF154C446100F6D4AC /* Icons */ = {
			isa = PBXGroup;
			children = (
				CBA41B9815912C5C00F3CCE1 /* Apparchive.icns */,
				CBA41B9915912C5C00F3CCE1 /* Documentation.icns */,
				CBA41B9615912C3900F3CCE1 /* Bundle.icns */,
				CB36A90C1591238C002D1A7E /* TrollBuilder.icns */,
				CB7E7454157E1385009A2F78 /* Appdata.icns */,
				CB7E7452157E1361009A2F78 /* Unittest.icns */,
				CBF693F2154C44AA00F6D4AC /* Xcodeproj.icns */,
			);
			name = Icons;
			sourceTree = "<group>";
		};
/* End PBXGroup section */

/* Begin PBXNativeTarget section */
		CB30CB4315854A7900125C62 /* TrollBuilderTests */ = {
			isa = PBXNativeTarget;
			buildConfigurationList = CB30CB5215854A7900125C62 /* Build configuration list for PBXNativeTarget "TrollBuilderTests" */;
			buildPhases = (
				CB30CB3F15854A7900125C62 /* Sources */,
				CB30CB4015854A7900125C62 /* Frameworks */,
				CB30CB4115854A7900125C62 /* Resources */,
				CB30CB4215854A7900125C62 /* ShellScript */,
			);
			buildRules = (
			);
			dependencies = (
			);
			name = TrollBuilderTests;
			productName = TrollBuilderTests;
			productReference = CB30CB4415854A7900125C62 /* TrollBuilderTests.octest */;
			productType = "com.apple.product-type.bundle";
		};
		CBCA2CCB154226540023DF27 /* TrollBuilder */ = {
			isa = PBXNativeTarget;
			buildConfigurationList = CBCA2CED154226550023DF27 /* Build configuration list for PBXNativeTarget "TrollBuilder" */;
			buildPhases = (
				CBCA2CC8154226540023DF27 /* Sources */,
				CBCA2CC9154226540023DF27 /* Frameworks */,
				CBCA2CCA154226540023DF27 /* Resources */,
				CBDC3DF815E03C9400C0C82A /* CopyFiles */,
			);
			buildRules = (
			);
			dependencies = (
			);
			name = TrollBuilder;
			productName = TrollBuilder;
			productReference = CBCA2CCC154226540023DF27 /* TrollBuilder.app */;
			productType = "com.apple.product-type.application";
		};
/* End PBXNativeTarget section */

/* Begin PBXProject section */
		CBCA2CC3154226540023DF27 /* Project object */ = {
			isa = PBXProject;
			attributes = {
				CLASSPREFIX = TB;
				LastUpgradeCheck = 0430;
			};
			buildConfigurationList = CBCA2CC6154226540023DF27 /* Build configuration list for PBXProject "TrollBuilder" */;
			compatibilityVersion = "Xcode 3.2";
			developmentRegion = English;
			hasScannedForEncodings = 0;
			knownRegions = (
				en,
			);
			mainGroup = CBCA2CC1154226540023DF27;
			productRefGroup = CBCA2CCD154226540023DF27 /* Products */;
			projectDirPath = "";
			projectRoot = "";
			targets = (
				CBCA2CCB154226540023DF27 /* TrollBuilder */,
				CB30CB4315854A7900125C62 /* TrollBuilderTests */,
			);
		};
/* End PBXProject section */

/* Begin PBXResourcesBuildPhase section */
		CB30CB4115854A7900125C62 /* Resources */ = {
			isa = PBXResourcesBuildPhase;
			buildActionMask = 2147483647;
			files = (
				CB9C19651589238000F8C36A /* project.pbxproj in Resources */,
				CB30CB4D15854A7900125C62 /* InfoPlist.strings in Resources */,
			);
			runOnlyForDeploymentPostprocessing = 0;
		};
		CBCA2CCA154226540023DF27 /* Resources */ = {
			isa = PBXResourcesBuildPhase;
			buildActionMask = 2147483647;
			files = (
				CBCA2CDB154226540023DF27 /* InfoPlist.strings in Resources */,
				CBCA2D0A15422D970023DF27 /* ProjectListView.xib in Resources */,
				CBCA2D0F15422E570023DF27 /* MainApplication.xib in Resources */,
				CBF693F3154C44AA00F6D4AC /* Xcodeproj.icns in Resources */,
				CB8830D5154CB08E0066F01F /* MainWindow.xib in Resources */,
				CB7E7453157E1361009A2F78 /* Unittest.icns in Resources */,
				CB7E7455157E1385009A2F78 /* Appdata.icns in Resources */,
				CB36A90915911E93002D1A7E /* BuildLogView.xib in Resources */,
				CB36A90D1591238C002D1A7E /* TrollBuilder.icns in Resources */,
				CBA41B9715912C3900F3CCE1 /* Bundle.icns in Resources */,
				CBA41B9A15912C5C00F3CCE1 /* Apparchive.icns in Resources */,
				CBA41B9B15912C5C00F3CCE1 /* Documentation.icns in Resources */,
				CBA0846B1593C91A000E2E6F /* AboutWindow.xib in Resources */,
				CBA084C41595308D000E2E6F /* SettingsWindow.xib in Resources */,
				CBDC3E0A15E047FD00C0C82A /* RemoteDialogWindow.xib in Resources */,
			);
			runOnlyForDeploymentPostprocessing = 0;
		};
/* End PBXResourcesBuildPhase section */

/* Begin PBXShellScriptBuildPhase section */
		CB30CB4215854A7900125C62 /* ShellScript */ = {
			isa = PBXShellScriptBuildPhase;
			buildActionMask = 2147483647;
			files = (
			);
			inputPaths = (
			);
			outputPaths = (
			);
			runOnlyForDeploymentPostprocessing = 0;
			shellPath = /bin/sh;
			shellScript = "# Run the unit tests in this test bundle.\n\"${SYSTEM_DEVELOPER_DIR}/Tools/RunUnitTests\"\n";
		};
/* End PBXShellScriptBuildPhase section */

/* Begin PBXSourcesBuildPhase section */
		CB30CB3F15854A7900125C62 /* Sources */ = {
			isa = PBXSourcesBuildPhase;
			buildActionMask = 2147483647;
			files = (
				CB30CB5015854A7900125C62 /* TBProjectParserTests.m in Sources */,
				CBDC3DCA15E0312300C0C82A /* TBGitTests.m in Sources */,
			);
			runOnlyForDeploymentPostprocessing = 0;
		};
		CBCA2CC8154226540023DF27 /* Sources */ = {
			isa = PBXSourcesBuildPhase;
			buildActionMask = 2147483647;
			files = (
				CBCA2CDD154226540023DF27 /* main.m in Sources */,
				CBCA2CE4154226540023DF27 /* TBAppDelegate.m in Sources */,
				CBCA2CEA154226550023DF27 /* TrollBuilder.xcdatamodeld in Sources */,
				CBCA2CFF15422D500023DF27 /* TBProjectCell.m in Sources */,
				CBCA2D0915422D970023DF27 /* ProjectListController.m in Sources */,
				CBCA2D0D15422DDC0023DF27 /* MainWindowController.m in Sources */,
				CBCA2D1415422F280023DF27 /* TBXProject.m in Sources */,
				CB8830E4154D7C820066F01F /* TBBuildConfiguration.m in Sources */,
				CB3A4A8D154F49A00022ACD1 /* TBProject.m in Sources */,
				CB7E7445157E0885009A2F78 /* TBXTarget.m in Sources */,
				CB7E7449157E08C4009A2F78 /* TBXTargetConfiguration.m in Sources */,
				CB7E7458157E14B4009A2F78 /* TBTarget.m in Sources */,
				CBD07916158219B70080840F /* TBBuildQueue.m in Sources */,
				CB9C1968158924F400F8C36A /* TBBuilder.m in Sources */,
				CB43D08F15892B0500A3E53E /* TBBuildJob.m in Sources */,
				CB83EED6158A057A00D19C28 /* TBApplicationSettings.m in Sources */,
				CB5E79F8158A80DE00F3EC51 /* TBXBuildConfiguration.m in Sources */,
				CB36A90815911E93002D1A7E /* BuildLogViewController.m in Sources */,
				CBA084C11595305C000E2E6F /* SettingsWindowController.m in Sources */,
				CBDC3DC715E02CF100C0C82A /* TBGit.m in Sources */,
				CBDC3E0D15E04D1400C0C82A /* RemoteDialogWindowController.m in Sources */,
			);
			runOnlyForDeploymentPostprocessing = 0;
		};
/* End PBXSourcesBuildPhase section */

/* Begin PBXVariantGroup section */
		CB30CB4B15854A7900125C62 /* InfoPlist.strings */ = {
			isa = PBXVariantGroup;
			children = (
				CB30CB4C15854A7900125C62 /* en */,
			);
			name = InfoPlist.strings;
			sourceTree = "<group>";
		};
		CBCA2CD9154226540023DF27 /* InfoPlist.strings */ = {
			isa = PBXVariantGroup;
			children = (
				CBCA2CDA154226540023DF27 /* en */,
			);
			name = InfoPlist.strings;
			sourceTree = "<group>";
		};
/* End PBXVariantGroup section */

/* Begin XCBuildConfiguration section */
		CB30CB5315854A7900125C62 /* Debug */ = {
			isa = XCBuildConfiguration;
			buildSettings = {
				BUNDLE_LOADER = "$(BUILT_PRODUCTS_DIR)/$(PROJECT_NAME).app/Contents/MacOS/$(PROJECT_NAME)";
				FRAMEWORK_SEARCH_PATHS = "$(DEVELOPER_LIBRARY_DIR)/Frameworks";
				GCC_PRECOMPILE_PREFIX_HEADER = YES;
				GCC_PREFIX_HEADER = "TrollBuilderTests/TrollBuilderTests-Prefix.pch";
				INFOPLIST_FILE = "TrollBuilderTests/TrollBuilderTests-Info.plist";
				PRODUCT_NAME = "$(TARGET_NAME)";
				TEST_HOST = "$(BUNDLE_LOADER)";
				WRAPPER_EXTENSION = octest;
			};
			name = Debug;
		};
		CB30CB5415854A7900125C62 /* Release */ = {
			isa = XCBuildConfiguration;
			buildSettings = {
				BUNDLE_LOADER = "$(BUILT_PRODUCTS_DIR)/$(PROJECT_NAME).app/Contents/MacOS/$(PROJECT_NAME)";
				FRAMEWORK_SEARCH_PATHS = "$(DEVELOPER_LIBRARY_DIR)/Frameworks";
				GCC_PRECOMPILE_PREFIX_HEADER = YES;
				GCC_PREFIX_HEADER = "TrollBuilderTests/TrollBuilderTests-Prefix.pch";
				INFOPLIST_FILE = "TrollBuilderTests/TrollBuilderTests-Info.plist";
				PRODUCT_NAME = "$(TARGET_NAME)";
				TEST_HOST = "$(BUNDLE_LOADER)";
				WRAPPER_EXTENSION = octest;
			};
			name = Release;
		};
		CBCA2CEB154226550023DF27 /* Debug */ = {
			isa = XCBuildConfiguration;
			buildSettings = {
				ALWAYS_SEARCH_USER_PATHS = NO;
				ARCHS = "$(ARCHS_STANDARD_64_BIT)";
				CLANG_ENABLE_OBJC_ARC = YES;
				COPY_PHASE_STRIP = NO;
				GCC_C_LANGUAGE_STANDARD = gnu99;
				GCC_DYNAMIC_NO_PIC = NO;
				GCC_ENABLE_OBJC_EXCEPTIONS = YES;
				GCC_OPTIMIZATION_LEVEL = 0;
				GCC_PREPROCESSOR_DEFINITIONS = (
					"DEBUG=1",
					"$(inherited)",
				);
				GCC_SYMBOLS_PRIVATE_EXTERN = NO;
				GCC_VERSION = com.apple.compilers.llvm.clang.1_0;
				GCC_WARN_64_TO_32_BIT_CONVERSION = YES;
				GCC_WARN_ABOUT_RETURN_TYPE = YES;
				GCC_WARN_UNINITIALIZED_AUTOS = YES;
				GCC_WARN_UNUSED_VARIABLE = YES;
				MACOSX_DEPLOYMENT_TARGET = 10.7;
				ONLY_ACTIVE_ARCH = YES;
				SDKROOT = macosx;
			};
			name = Debug;
		};
		CBCA2CEC154226550023DF27 /* Release */ = {
			isa = XCBuildConfiguration;
			buildSettings = {
				ALWAYS_SEARCH_USER_PATHS = NO;
				ARCHS = "$(ARCHS_STANDARD_64_BIT)";
				CLANG_ENABLE_OBJC_ARC = YES;
				COPY_PHASE_STRIP = YES;
				DEBUG_INFORMATION_FORMAT = "dwarf-with-dsym";
				GCC_C_LANGUAGE_STANDARD = gnu99;
				GCC_ENABLE_OBJC_EXCEPTIONS = YES;
				GCC_VERSION = com.apple.compilers.llvm.clang.1_0;
				GCC_WARN_64_TO_32_BIT_CONVERSION = YES;
				GCC_WARN_ABOUT_RETURN_TYPE = YES;
				GCC_WARN_UNINITIALIZED_AUTOS = YES;
				GCC_WARN_UNUSED_VARIABLE = YES;
				MACOSX_DEPLOYMENT_TARGET = 10.7;
				SDKROOT = macosx;
			};
			name = Release;
		};
		CBCA2CEE154226550023DF27 /* Debug */ = {
			isa = XCBuildConfiguration;
			buildSettings = {
				CODE_SIGN_IDENTITY = "";
				FRAMEWORK_SEARCH_PATHS = (
					"$(inherited)",
					"\"$(SRCROOT)/Libraries\"",
				);
				GCC_PRECOMPILE_PREFIX_HEADER = YES;
				GCC_PREFIX_HEADER = "TrollBuilder/TrollBuilder-Prefix.pch";
				HEADER_SEARCH_PATHS = "\"$(SRCROOT)/Libraries/ObjectiveGit.framework/Versions/A/Headers\"";
				INFOPLIST_FILE = "TrollBuilder/TrollBuilder-Info.plist";
				LIBRARY_SEARCH_PATHS = (
					"$(inherited)",
					"\"$(SRCROOT)/Libraries\"",
				);
				MACOSX_DEPLOYMENT_TARGET = 10.7;
				PRODUCT_NAME = "$(TARGET_NAME)";
				WRAPPER_EXTENSION = app;
			};
			name = Debug;
		};
		CBCA2CEF154226550023DF27 /* Release */ = {
			isa = XCBuildConfiguration;
			buildSettings = {
				CODE_SIGN_IDENTITY = "";
				FRAMEWORK_SEARCH_PATHS = (
					"$(inherited)",
					"\"$(SRCROOT)/Libraries\"",
				);
				GCC_PRECOMPILE_PREFIX_HEADER = YES;
				GCC_PREFIX_HEADER = "TrollBuilder/TrollBuilder-Prefix.pch";
				HEADER_SEARCH_PATHS = "\"$(SRCROOT)/Libraries/ObjectiveGit.framework/Versions/A/Headers\"";
				INFOPLIST_FILE = "TrollBuilder/TrollBuilder-Info.plist";
				LIBRARY_SEARCH_PATHS = (
					"$(inherited)",
					"\"$(SRCROOT)/Libraries\"",
				);
				MACOSX_DEPLOYMENT_TARGET = 10.7;
				PRODUCT_NAME = "$(TARGET_NAME)";
				WRAPPER_EXTENSION = app;
			};
			name = Release;
		};
/* End XCBuildConfiguration section */

/* Begin XCConfigurationList section */
		CB30CB5215854A7900125C62 /* Build configuration list for PBXNativeTarget "TrollBuilderTests" */ = {
			isa = XCConfigurationList;
			buildConfigurations = (
				CB30CB5315854A7900125C62 /* Debug */,
				CB30CB5415854A7900125C62 /* Release */,
			);
			defaultConfigurationIsVisible = 0;
			defaultConfigurationName = Release;
		};
		CBCA2CC6154226540023DF27 /* Build configuration list for PBXProject "TrollBuilder" */ = {
			isa = XCConfigurationList;
			buildConfigurations = (
				CBCA2CEB154226550023DF27 /* Debug */,
				CBCA2CEC154226550023DF27 /* Release */,
			);
			defaultConfigurationIsVisible = 0;
			defaultConfigurationName = Release;
		};
		CBCA2CED154226550023DF27 /* Build configuration list for PBXNativeTarget "TrollBuilder" */ = {
			isa = XCConfigurationList;
			buildConfigurations = (
				CBCA2CEE154226550023DF27 /* Debug */,
				CBCA2CEF154226550023DF27 /* Release */,
			);
			defaultConfigurationIsVisible = 0;
			defaultConfigurationName = Release;
		};
/* End XCConfigurationList section */

/* Begin XCVersionGroup section */
		CBCA2CE8154226540023DF27 /* TrollBuilder.xcdatamodeld */ = {
			isa = XCVersionGroup;
			children = (
				CBCA2CE9154226540023DF27 /* TrollBuilder.xcdatamodel */,
			);
			currentVersion = CBCA2CE9154226540023DF27 /* TrollBuilder.xcdatamodel */;
			path = TrollBuilder.xcdatamodeld;
			sourceTree = "<group>";
			versionGroupType = wrapper.xcdatamodel;
		};
/* End XCVersionGroup section */
	};
	rootObject = CBCA2CC3154226540023DF27 /* Project object */;
}
